
Microsoft Visual Studio Solution File, Format Version 12.00
# Visual Studio Version 16
VisualStudioVersion = 16.0.30413.136
MinimumVisualStudioVersion = 10.0.40219.1
Project("{9A19103F-16F7-4668-BE54-9A1E7A4F7556}") = "EvolentHealthExercise.WebApi", "EvolentHealthExcercise\EvolentHealthExercise.WebApi.csproj", "{B5D60D9E-1156-44AD-B372-D8DA6AF0FEAD}"
EndProject
Project("{9A19103F-16F7-4668-BE54-9A1E7A4F7556}") = "EvolentHealthExercise.Core", "EvolentHealthExcerciseApi.Core\EvolentHealthExercise.Core.csproj", "{4049A96F-1B3A-4E3F-8998-683D883DBE86}"
EndProject
Project("{2150E333-8FDC-42A3-9474-1A3956D46DE8}") = "Tests", "Tests", "{F2B7E982-9438-4109-A052-F16E07DDA167}"
EndProject
Project("{FAE04EC0-301F-11D3-BF4B-00C04F79EFBC}") = "EvolentHealthExercise.Tests", "EvolentHealthExcercise.Tests\EvolentHealthExercise.Tests.csproj", "{EAE7D074-C730-45DD-9F02-78D50CCFA04B}"
EndProject
Global
	GlobalSection(SolutionConfigurationPlatforms) = preSolution
		Debug|Any CPU = Debug|Any CPU
		Release|Any CPU = Release|Any CPU
	EndGlobalSection
	GlobalSection(ProjectConfigurationPlatforms) = postSolution
		{B5D60D9E-1156-44AD-B372-D8DA6AF0FEAD}.Debug|Any CPU.ActiveCfg = Debug|Any CPU
		{B5D60D9E-1156-44AD-B372-D8DA6AF0FEAD}.Debug|Any CPU.Build.0 = Debug|Any CPU
		{B5D60D9E-1156-44AD-B372-D8DA6AF0FEAD}.Release|Any CPU.ActiveCfg = Release|Any CPU
		{B5D60D9E-1156-44AD-B372-D8DA6AF0FEAD}.Release|Any CPU.Build.0 = Release|Any CPU
		{4049A96F-1B3A-4E3F-8998-683D883DBE86}.Debug|Any CPU.ActiveCfg = Debug|Any CPU
		{4049A96F-1B3A-4E3F-8998-683D883DBE86}.Debug|Any CPU.Build.0 = Debug|Any CPU
		{4049A96F-1B3A-4E3F-8998-683D883DBE86}.Release|Any CPU.ActiveCfg = Release|Any CPU
		{4049A96F-1B3A-4E3F-8998-683D883DBE86}.Release|Any CPU.Build.0 = Release|Any CPU
		{EAE7D074-C730-45DD-9F02-78D50CCFA04B}.Debug|Any CPU.ActiveCfg = Debug|Any CPU
		{EAE7D074-C730-45DD-9F02-78D50CCFA04B}.Debug|Any CPU.Build.0 = Debug|Any CPU
		{EAE7D074-C730-45DD-9F02-78D50CCFA04B}.Release|Any CPU.ActiveCfg = Release|Any CPU
		{EAE7D074-C730-45DD-9F02-78D50CCFA04B}.Release|Any CPU.Build.0 = Release|Any CPU
	EndGlobalSection
	GlobalSection(SolutionProperties) = preSolution
		HideSolutionNode = FALSE
	EndGlobalSection
	GlobalSection(NestedProjects) = preSolution
		{EAE7D074-C730-45DD-9F02-78D50CCFA04B} = {F2B7E982-9438-4109-A052-F16E07DDA167}
	EndGlobalSection
	GlobalSection(ExtensibilityGlobals) = postSolution
		SolutionGuid = {808C7E13-6436-4C43-B3C9-D0B7428124E8}
	EndGlobalSection
EndGlobal
