
Microsoft Visual Studio Solution File, Format Version 12.00
# Visual Studio Version 16
VisualStudioVersion = 16.0.30413.136
MinimumVisualStudioVersion = 10.0.40219.1
Project("{2150E333-8FDC-42A3-9474-1A3956D46DE8}") = "Tests", "Tests", "{F2B7E982-9438-4109-A052-F16E07DDA167}"
EndProject
Project("{9A19103F-16F7-4668-BE54-9A1E7A4F7556}") = "EvolentHealthExercise.Tests", "EvolentHealthExcercise.Tests\EvolentHealthExercise.Tests.csproj", "{EAE7D074-C730-45DD-9F02-78D50CCFA04B}"
EndProject
Project("{9A19103F-16F7-4668-BE54-9A1E7A4F7556}") = "EvolentHealthExercise.Core", "EvolentHealthExcercise.Core\EvolentHealthExercise.Core.csproj", "{E20164AB-193D-484F-A043-8FC3F8728078}"
EndProject
Project("{9A19103F-16F7-4668-BE54-9A1E7A4F7556}") = "EvolentHealthExercise.WebApi", "EvolentHealthExcercise.WebApi\EvolentHealthExercise.WebApi.csproj", "{8403EEE8-2ACB-41FB-9BDF-ECD9BCE0121A}"
EndProject
Global
	GlobalSection(SolutionConfigurationPlatforms) = preSolution
		Debug|Any CPU = Debug|Any CPU
		Release|Any CPU = Release|Any CPU
	EndGlobalSection
	GlobalSection(ProjectConfigurationPlatforms) = postSolution
		{EAE7D074-C730-45DD-9F02-78D50CCFA04B}.Debug|Any CPU.ActiveCfg = Debug|Any CPU
		{EAE7D074-C730-45DD-9F02-78D50CCFA04B}.Debug|Any CPU.Build.0 = Debug|Any CPU
		{EAE7D074-C730-45DD-9F02-78D50CCFA04B}.Release|Any CPU.ActiveCfg = Release|Any CPU
		{EAE7D074-C730-45DD-9F02-78D50CCFA04B}.Release|Any CPU.Build.0 = Release|Any CPU
		{E20164AB-193D-484F-A043-8FC3F8728078}.Debug|Any CPU.ActiveCfg = Debug|Any CPU
		{E20164AB-193D-484F-A043-8FC3F8728078}.Debug|Any CPU.Build.0 = Debug|Any CPU
		{E20164AB-193D-484F-A043-8FC3F8728078}.Release|Any CPU.ActiveCfg = Release|Any CPU
		{E20164AB-193D-484F-A043-8FC3F8728078}.Release|Any CPU.Build.0 = Release|Any CPU
		{8403EEE8-2ACB-41FB-9BDF-ECD9BCE0121A}.Debug|Any CPU.ActiveCfg = Debug|Any CPU
		{8403EEE8-2ACB-41FB-9BDF-ECD9BCE0121A}.Debug|Any CPU.Build.0 = Debug|Any CPU
		{8403EEE8-2ACB-41FB-9BDF-ECD9BCE0121A}.Release|Any CPU.ActiveCfg = Release|Any CPU
		{8403EEE8-2ACB-41FB-9BDF-ECD9BCE0121A}.Release|Any CPU.Build.0 = Release|Any CPU
	EndGlobalSection
	GlobalSection(SolutionProperties) = preSolution
		HideSolutionNode = FALSE
	EndGlobalSection
	GlobalSection(NestedProjects) = preSolution
		{EAE7D074-C730-45DD-9F02-78D50CCFA04B} = {F2B7E982-9438-4109-A052-F16E07DDA167}
	EndGlobalSection
	GlobalSection(ExtensibilityGlobals) = postSolution
		SolutionGuid = {808C7E13-6436-4C43-B3C9-D0B7428124E8}
	EndGlobalSection
EndGlobal
